<?xml version="1.0" encoding="UTF-8" standalone="yes" ?>
<CodeBlocks_project_file>
	<FileVersion major="1" minor="6" />
	<Project>
		<Option title="CppWrapperTests" />
		<Option pch_mode="2" />
		<Option compiler="gcc" />
		<Build>
			<Script file="lib_finder.script" />
			<Target title="Release">
				<Option output="bin/Release/CppWrapperTests" prefix_auto="1" extension_auto="1" />
				<Option object_output="bin/Release/" />
				<Option type="1" />
				<Option compiler="gcc" />
				<Compiler>
					<Add option="-O2" />
					<Add directory="../UnitTest++/src" />
					<Add directory="../src/serializer/json" />
					<Add directory="../libs/libxml2/include" />
					<Add directory="../libs/jsoncpp/jsoncpp-src-0.5.0/include" />
				</Compiler>
				<Linker>
					<Add option="-s" />
					<Add library="..\bin\Release\libCppWrapper.dll" />
					<Add library="..\libs\libxml2\lib\libxml2_a.lib" />
				</Linker>
				<ExtraCommands>
					<Add after="$exe_output" />
					<Mode after="always" />
				</ExtraCommands>
			</Target>
			<Target title="Debug">
				<Option output="bin/Debug/CppWrapperTests" prefix_auto="1" extension_auto="1" />
				<Option object_output="bin/Debug/" />
				<Option type="1" />
				<Option compiler="gcc" />
				<Compiler>
					<Add option="-O2" />
					<Add option="-g" />
					<Add directory="../UnitTest++/src" />
					<Add directory="../src/serializer/json" />
					<Add directory="../libs/libxml2/include" />
					<Add directory="../libs/libxml2/include/libxml" />
					<Add directory="../libs/jsoncpp/jsoncpp-src-0.5.0/include" />
				</Compiler>
				<Linker>
					<Add option="-s" />
					<Add library="..\UnitTest++\Debug\UnitTest++.lib" />
					<Add library="..\libs\jsoncpp\libjson_mingw_libmt.a" />
					<Add library="..\bin\Debug\libCppWrapper.dll" />
					<Add library="..\libs\libxml2\lib\libxml2_a_dll.lib" />
				</Linker>
			</Target>
		</Build>
		<Compiler>
			<Add option="-Wall" />
			<Add option="-fexceptions" />
			<Add directory="../libs" />
		</Compiler>
		<Linker>
			<Add library="..\libs\libcurl.dll.a" />
		</Linker>
		<Unit filename="../UnitTest++/src/AssertException.cpp" />
		<Unit filename="../UnitTest++/src/AssertException.h" />
		<Unit filename="../UnitTest++/src/CheckMacros.h" />
		<Unit filename="../UnitTest++/src/Checks.cpp" />
		<Unit filename="../UnitTest++/src/Checks.h" />
		<Unit filename="../UnitTest++/src/Config.h" />
		<Unit filename="../UnitTest++/src/CurrentTest.cpp" />
		<Unit filename="../UnitTest++/src/CurrentTest.h" />
		<Unit filename="../UnitTest++/src/DeferredTestReporter.cpp" />
		<Unit filename="../UnitTest++/src/DeferredTestReporter.h" />
		<Unit filename="../UnitTest++/src/DeferredTestResult.cpp" />
		<Unit filename="../UnitTest++/src/DeferredTestResult.h" />
		<Unit filename="../UnitTest++/src/ExecuteTest.h" />
		<Unit filename="../UnitTest++/src/MemoryOutStream.cpp" />
		<Unit filename="../UnitTest++/src/MemoryOutStream.h" />
		<Unit filename="../UnitTest++/src/ReportAssert.cpp" />
		<Unit filename="../UnitTest++/src/ReportAssert.h" />
		<Unit filename="../UnitTest++/src/Test.cpp" />
		<Unit filename="../UnitTest++/src/Test.h" />
		<Unit filename="../UnitTest++/src/TestDetails.cpp" />
		<Unit filename="../UnitTest++/src/TestDetails.h" />
		<Unit filename="../UnitTest++/src/TestList.cpp" />
		<Unit filename="../UnitTest++/src/TestList.h" />
		<Unit filename="../UnitTest++/src/TestMacros.h" />
		<Unit filename="../UnitTest++/src/TestReporter.cpp" />
		<Unit filename="../UnitTest++/src/TestReporter.h" />
		<Unit filename="../UnitTest++/src/TestReporterStdout.cpp" />
		<Unit filename="../UnitTest++/src/TestReporterStdout.h" />
		<Unit filename="../UnitTest++/src/TestResults.cpp" />
		<Unit filename="../UnitTest++/src/TestResults.h" />
		<Unit filename="../UnitTest++/src/TestRunner.cpp" />
		<Unit filename="../UnitTest++/src/TestRunner.h" />
		<Unit filename="../UnitTest++/src/TestSuite.h" />
		<Unit filename="../UnitTest++/src/TimeConstraint.cpp" />
		<Unit filename="../UnitTest++/src/TimeConstraint.h" />
		<Unit filename="../UnitTest++/src/TimeHelpers.h" />
		<Unit filename="../UnitTest++/src/UnitTest++.h" />
		<Unit filename="../UnitTest++/src/Win32/TimeHelpers.cpp" />
		<Unit filename="../UnitTest++/src/Win32/TimeHelpers.h" />
		<Unit filename="../UnitTest++/src/XmlTestReporter.cpp" />
		<Unit filename="../UnitTest++/src/XmlTestReporter.h" />
		<Unit filename="../libs/jsoncpp/jsoncpp-src-0.5.0/include/json/autolink.h" />
		<Unit filename="../libs/jsoncpp/jsoncpp-src-0.5.0/include/json/config.h" />
		<Unit filename="../libs/jsoncpp/jsoncpp-src-0.5.0/include/json/features.h" />
		<Unit filename="../libs/jsoncpp/jsoncpp-src-0.5.0/include/json/forwards.h" />
		<Unit filename="../libs/jsoncpp/jsoncpp-src-0.5.0/include/json/json.h" />
		<Unit filename="../libs/jsoncpp/jsoncpp-src-0.5.0/include/json/reader.h" />
		<Unit filename="../libs/jsoncpp/jsoncpp-src-0.5.0/include/json/value.h" />
		<Unit filename="../libs/jsoncpp/jsoncpp-src-0.5.0/include/json/writer.h" />
		<Unit filename="../libs/jsoncpp/jsoncpp-src-0.5.0/src/lib_json/json_batchallocator.h" />
		<Unit filename="../libs/jsoncpp/jsoncpp-src-0.5.0/src/lib_json/json_internalarray.inl" />
		<Unit filename="../libs/jsoncpp/jsoncpp-src-0.5.0/src/lib_json/json_internalmap.inl" />
		<Unit filename="../libs/jsoncpp/jsoncpp-src-0.5.0/src/lib_json/json_reader.cpp" />
		<Unit filename="../libs/jsoncpp/jsoncpp-src-0.5.0/src/lib_json/json_value.cpp" />
		<Unit filename="../libs/jsoncpp/jsoncpp-src-0.5.0/src/lib_json/json_valueiterator.inl" />
		<Unit filename="../libs/jsoncpp/jsoncpp-src-0.5.0/src/lib_json/json_writer.cpp" />
		<Unit filename="../libs/jsoncpp/jsoncpp-src-0.5.0/src/lib_json/sconscript" />
		<Unit filename="SerializerTest.cpp" />
		<Unit filename="SessionTest.cpp" />
		<Unit filename="main.cpp" />
		<Extensions>
			<envvars />
			<code_completion />
			<lib_finder disable_auto="1" />
			<debugger />
			<DoxyBlocks>
				<comment_style block="0" line="0" />
				<doxyfile_project />
				<doxyfile_build />
				<doxyfile_warnings />
				<doxyfile_output />
				<doxyfile_dot />
				<general />
			</DoxyBlocks>
		</Extensions>
	</Project>
</CodeBlocks_project_file>
